
Microsoft Visual Studio Solution File, Format Version 12.00
# Visual Studio Version 17
VisualStudioVersion = 17.14.36203.30
MinimumVisualStudioVersion = 10.0.40219.1
Project("{FAE04EC0-301F-11D3-BF4B-00C04F79EFBC}") = "Objects", "Objects\Objects.csproj", "{C427A917-6475-4F6E-94A6-97F145D903D8}"
EndProject
Global
	GlobalSection(SolutionConfigurationPlatforms) = preSolution
		Debug|Any CPU = Debug|Any CPU
		Release|Any CPU = Release|Any CPU
	EndGlobalSection
	GlobalSection(ProjectConfigurationPlatforms) = postSolution
		{C427A917-6475-4F6E-94A6-97F145D903D8}.Debug|Any CPU.ActiveCfg = Debug|Any CPU
		{C427A917-6475-4F6E-94A6-97F145D903D8}.Debug|Any CPU.Build.0 = Debug|Any CPU
		{C427A917-6475-4F6E-94A6-97F145D903D8}.Release|Any CPU.ActiveCfg = Release|Any CPU
		{C427A917-6475-4F6E-94A6-97F145D903D8}.Release|Any CPU.Build.0 = Release|Any CPU
	EndGlobalSection
	GlobalSection(SolutionProperties) = preSolution
		HideSolutionNode = FALSE
	EndGlobalSection
	GlobalSection(ExtensibilityGlobals) = postSolution
		SolutionGuid = {953B370B-7B9D-4058-803C-A0719BE4CF65}
	EndGlobalSection
EndGlobal
